
Microsoft Visual Studio Solution File, Format Version 12.00
# Visual Studio for Mac
Project("{FAE04EC0-301F-11D3-BF4B-00C04F79EFBC}") = "SteamVR", "SteamVR.csproj", "{BB06F3DC-C688-BA8B-5AD8-BEEE97C93B68}"
EndProject
Project("{FAE04EC0-301F-11D3-BF4B-00C04F79EFBC}") = "Assembly-CSharp", "Assembly-CSharp.csproj", "{88695F43-93B8-2C8F-7197-1AE81A16A31D}"
EndProject
Project("{FAE04EC0-301F-11D3-BF4B-00C04F79EFBC}") = "SteamVR_Actions", "SteamVR_Actions.csproj", "{54D9F74F-8449-87C8-01BE-E1BDB7E7FC5C}"
EndProject
Project("{FAE04EC0-301F-11D3-BF4B-00C04F79EFBC}") = "SteamVR_Editor", "SteamVR_Editor.csproj", "{737CA57C-6328-AA94-B982-EB40D864F6AA}"
EndProject
Project("{FAE04EC0-301F-11D3-BF4B-00C04F79EFBC}") = "SteamVR_Input_Editor", "SteamVR_Input_Editor.csproj", "{443E88A9-620B-17FF-E6C1-FA4CBBB841AB}"
EndProject
Project("{FAE04EC0-301F-11D3-BF4B-00C04F79EFBC}") = "SteamVR_Windows_EditorHelper", "SteamVR_Windows_EditorHelper.csproj", "{C21CBC89-45C2-02DB-0082-EDC076FE2F7C}"
EndProject
Global
	GlobalSection(SolutionConfigurationPlatforms) = preSolution
		Debug|Any CPU = Debug|Any CPU
		Release|Any CPU = Release|Any CPU
	EndGlobalSection
	GlobalSection(ProjectConfigurationPlatforms) = postSolution
		{BB06F3DC-C688-BA8B-5AD8-BEEE97C93B68}.Debug|Any CPU.ActiveCfg = Debug|Any CPU
		{BB06F3DC-C688-BA8B-5AD8-BEEE97C93B68}.Debug|Any CPU.Build.0 = Debug|Any CPU
		{BB06F3DC-C688-BA8B-5AD8-BEEE97C93B68}.Release|Any CPU.ActiveCfg = Release|Any CPU
		{BB06F3DC-C688-BA8B-5AD8-BEEE97C93B68}.Release|Any CPU.Build.0 = Release|Any CPU
		{88695F43-93B8-2C8F-7197-1AE81A16A31D}.Debug|Any CPU.ActiveCfg = Debug|Any CPU
		{88695F43-93B8-2C8F-7197-1AE81A16A31D}.Debug|Any CPU.Build.0 = Debug|Any CPU
		{88695F43-93B8-2C8F-7197-1AE81A16A31D}.Release|Any CPU.ActiveCfg = Release|Any CPU
		{88695F43-93B8-2C8F-7197-1AE81A16A31D}.Release|Any CPU.Build.0 = Release|Any CPU
		{54D9F74F-8449-87C8-01BE-E1BDB7E7FC5C}.Debug|Any CPU.ActiveCfg = Debug|Any CPU
		{54D9F74F-8449-87C8-01BE-E1BDB7E7FC5C}.Debug|Any CPU.Build.0 = Debug|Any CPU
		{54D9F74F-8449-87C8-01BE-E1BDB7E7FC5C}.Release|Any CPU.ActiveCfg = Release|Any CPU
		{54D9F74F-8449-87C8-01BE-E1BDB7E7FC5C}.Release|Any CPU.Build.0 = Release|Any CPU
		{737CA57C-6328-AA94-B982-EB40D864F6AA}.Debug|Any CPU.ActiveCfg = Debug|Any CPU
		{737CA57C-6328-AA94-B982-EB40D864F6AA}.Debug|Any CPU.Build.0 = Debug|Any CPU
		{737CA57C-6328-AA94-B982-EB40D864F6AA}.Release|Any CPU.ActiveCfg = Release|Any CPU
		{737CA57C-6328-AA94-B982-EB40D864F6AA}.Release|Any CPU.Build.0 = Release|Any CPU
		{443E88A9-620B-17FF-E6C1-FA4CBBB841AB}.Debug|Any CPU.ActiveCfg = Debug|Any CPU
		{443E88A9-620B-17FF-E6C1-FA4CBBB841AB}.Debug|Any CPU.Build.0 = Debug|Any CPU
		{443E88A9-620B-17FF-E6C1-FA4CBBB841AB}.Release|Any CPU.ActiveCfg = Release|Any CPU
		{443E88A9-620B-17FF-E6C1-FA4CBBB841AB}.Release|Any CPU.Build.0 = Release|Any CPU
		{C21CBC89-45C2-02DB-0082-EDC076FE2F7C}.Debug|Any CPU.ActiveCfg = Debug|Any CPU
		{C21CBC89-45C2-02DB-0082-EDC076FE2F7C}.Debug|Any CPU.Build.0 = Debug|Any CPU
		{C21CBC89-45C2-02DB-0082-EDC076FE2F7C}.Release|Any CPU.ActiveCfg = Release|Any CPU
		{C21CBC89-45C2-02DB-0082-EDC076FE2F7C}.Release|Any CPU.Build.0 = Release|Any CPU
	EndGlobalSection
	GlobalSection(SolutionProperties) = preSolution
		HideSolutionNode = FALSE
	EndGlobalSection
EndGlobal
